
Microsoft Visual Studio Solution File, Format Version 12.00
# Visual Studio Version 17
VisualStudioVersion = 17.10.34916.146
MinimumVisualStudioVersion = 10.0.40219.1
Project("{2150E333-8FDC-42A3-9474-1A3956D46DE8}") = "01.Clientes", "01.Clientes", "{0B325544-3D19-4340-B1CC-7B53FA4A34E1}"
EndProject
Project("{2150E333-8FDC-42A3-9474-1A3956D46DE8}") = "02.ApiGateways", "02.ApiGateways", "{16107860-5D27-4FA3-A1E4-091FE0CED2D5}"
EndProject
Project("{2150E333-8FDC-42A3-9474-1A3956D46DE8}") = "03.Service", "03.Service", "{843C1BC0-9404-4E24-9772-71F0E7209F38}"
EndProject
Project("{2150E333-8FDC-42A3-9474-1A3956D46DE8}") = "04.Common", "04.Common", "{983F7787-475D-4936-86B4-763B4E6FEBF5}"
EndProject
Project("{2150E333-8FDC-42A3-9474-1A3956D46DE8}") = "01.Identity", "01.Identity", "{8F7B2722-0DB0-4205-90CE-5E196C49F038}"
EndProject
Project("{2150E333-8FDC-42A3-9474-1A3956D46DE8}") = "02.Catalog", "02.Catalog", "{05F5CBF7-DF9F-4072-854D-39CA5D258063}"
EndProject
Project("{2150E333-8FDC-42A3-9474-1A3956D46DE8}") = "03.Customer", "03.Customer", "{E1AA337A-B744-4AE1-A50D-FD9B7E7F52F0}"
EndProject
Project("{2150E333-8FDC-42A3-9474-1A3956D46DE8}") = "04.Order", "04.Order", "{80F6A45A-3974-4294-BAA9-8E2A9509ACB3}"
EndProject
Project("{2150E333-8FDC-42A3-9474-1A3956D46DE8}") = "05.Common", "05.Common", "{DDDC9341-98E0-4060-B809-5FC8A9123FDC}"
EndProject
Project("{2150E333-8FDC-42A3-9474-1A3956D46DE8}") = "01.Api", "01.Api", "{BF8642D2-0D87-42C1-9161-B8366083E08C}"
EndProject
Project("{2150E333-8FDC-42A3-9474-1A3956D46DE8}") = "02.Service", "02.Service", "{E8774D8A-487F-4F75-8210-37ADC7CF05C6}"
EndProject
Project("{2150E333-8FDC-42A3-9474-1A3956D46DE8}") = "03.Persistence", "03.Persistence", "{7872DC24-9DDB-451E-BD5F-65B5DE530D0F}"
EndProject
Project("{2150E333-8FDC-42A3-9474-1A3956D46DE8}") = "04.Models", "04.Models", "{FB7D433A-B4A6-4AD1-8E15-D122C28EC0FF}"
EndProject
Project("{2150E333-8FDC-42A3-9474-1A3956D46DE8}") = "05.Common", "05.Common", "{E8312A7C-E655-49F5-B7F3-145CFB51D87C}"
EndProject
Project("{2150E333-8FDC-42A3-9474-1A3956D46DE8}") = "06.Testing", "06.Testing", "{55FBE568-46F8-47A7-A0D3-28AF0AB0888D}"
EndProject
Project("{2150E333-8FDC-42A3-9474-1A3956D46DE8}") = "07.Listeners", "07.Listeners", "{4B9D36BD-2BD9-4A48-9441-52632B9CCE43}"
EndProject
Project("{2150E333-8FDC-42A3-9474-1A3956D46DE8}") = "01.Api", "01.Api", "{4FD7305B-CFD9-4ACF-9039-F560B19E4A1F}"
EndProject
Project("{2150E333-8FDC-42A3-9474-1A3956D46DE8}") = "02.Service", "02.Service", "{EE448C84-C434-4673-B22A-DD596C80B1CD}"
EndProject
Project("{2150E333-8FDC-42A3-9474-1A3956D46DE8}") = "03.Persistence", "03.Persistence", "{C5D35B97-266D-47A5-B5B0-B3A55EB0E791}"
EndProject
Project("{2150E333-8FDC-42A3-9474-1A3956D46DE8}") = "04.Models", "04.Models", "{4F349E57-7178-46E5-AE22-890149ED287A}"
EndProject
Project("{2150E333-8FDC-42A3-9474-1A3956D46DE8}") = "05.Common", "05.Common", "{9DE17F32-37F3-41E4-B3E3-2D029F9E13EF}"
EndProject
Project("{2150E333-8FDC-42A3-9474-1A3956D46DE8}") = "06.Testing", "06.Testing", "{69B57F0A-A79F-43F4-A054-9A8E4BA893DF}"
EndProject
Project("{2150E333-8FDC-42A3-9474-1A3956D46DE8}") = "07.Listeners", "07.Listeners", "{550A87AE-59BA-4BD9-8575-D8360A030605}"
EndProject
Project("{9A19103F-16F7-4668-BE54-9A1E7A4F7556}") = "Identity.Domain", "03.Service\01.Identity\04.Identity.Models\Identity.Domain\Identity.Domain.csproj", "{F59771D0-2B18-47F1-8073-5FFA4BA4A0D2}"
EndProject
Project("{9A19103F-16F7-4668-BE54-9A1E7A4F7556}") = "Identity.Persistence.Database", "03.Service\01.Identity\03.Identity.Persistence\Identity.Persistence.Database\Identity.Persistence.Database.csproj", "{6287A04F-74AA-4AB5-BA1B-5FD7F07695C3}"
	ProjectSection(ProjectDependencies) = postProject
		{F59771D0-2B18-47F1-8073-5FFA4BA4A0D2} = {F59771D0-2B18-47F1-8073-5FFA4BA4A0D2}
	EndProjectSection
EndProject
Project("{9A19103F-16F7-4668-BE54-9A1E7A4F7556}") = "Identity.Service.EventHandlers", "03.Service\01.Identity\02.Identity.Service\Identity.Service.EventHandlers\Identity.Service.EventHandlers.csproj", "{AA759F81-EFA0-402C-A68D-86D90F90709C}"
EndProject
Project("{9A19103F-16F7-4668-BE54-9A1E7A4F7556}") = "Identity.Service.Queries", "03.Service\01.Identity\02.Identity.Service\Identity.Service.Queries\Identity.Service.Queries.csproj", "{0CA44B6C-2FA2-4687-B953-2A7E283A1C05}"
EndProject
Project("{9A19103F-16F7-4668-BE54-9A1E7A4F7556}") = "Common.Loggin", "04.Common\Common.Loggin\Common.Loggin.csproj", "{40253059-278F-4F7D-91E3-F5C1762A3925}"
EndProject
Project("{9A19103F-16F7-4668-BE54-9A1E7A4F7556}") = "ServiceCommon.Collection", "03.Service\05.Common\ServiceCommon.Collection\ServiceCommon.Collection.csproj", "{41F981EA-3EAB-4B1E-B408-D16BA435F7C1}"
EndProject
Project("{9A19103F-16F7-4668-BE54-9A1E7A4F7556}") = "ServiceCommon.Mapping", "03.Service\05.Common\ServiceCommon.Mapping\ServiceCommon.Mapping.csproj", "{A18966C6-D42E-4B4D-A34D-4C356EA446E2}"
EndProject
Project("{9A19103F-16F7-4668-BE54-9A1E7A4F7556}") = "ServiceCommon.Paging", "03.Service\05.Common\ServiceCommon.Paging\ServiceCommon.Paging.csproj", "{4F832247-0C8F-4436-BF76-5F1F74EE72FA}"
EndProject
Project("{9A19103F-16F7-4668-BE54-9A1E7A4F7556}") = "Identity.Api", "03.Service\01.Identity\01.Identity.Api\Identity.Api\Identity.Api.csproj", "{222306BB-A7DD-4BC7-9452-FBE947E1981F}"
EndProject
Project("{2150E333-8FDC-42A3-9474-1A3956D46DE8}") = "01.Identity.ApiGateway", "01.Identity.ApiGateway", "{01DC13AF-581E-4A0B-8A83-5EFE251B7D37}"
EndProject
Project("{2150E333-8FDC-42A3-9474-1A3956D46DE8}") = "02.Commerce.ApiGateway", "02.Commerce.ApiGateway", "{B5807F1C-1656-42AC-AF0A-7B1B2E0768CE}"
EndProject
Project("{9A19103F-16F7-4668-BE54-9A1E7A4F7556}") = "Identity.ApiGateway", "02.Apigateways\Identity.ApiGateway\Identity.ApiGateway.csproj", "{BCE952E8-3D8C-47CD-9C30-336E914813A7}"
EndProject
Project("{E53339B2-1760-4266-BCC7-CA923CBCF16C}") = "docker-compose", "docker-compose.dcproj", "{EA209756-4117-4D0E-984D-6A88BD2BE03B}"
EndProject
Global
	GlobalSection(SolutionConfigurationPlatforms) = preSolution
		Debug|Any CPU = Debug|Any CPU
		Release|Any CPU = Release|Any CPU
	EndGlobalSection
	GlobalSection(ProjectConfigurationPlatforms) = postSolution
		{F59771D0-2B18-47F1-8073-5FFA4BA4A0D2}.Debug|Any CPU.ActiveCfg = Debug|Any CPU
		{F59771D0-2B18-47F1-8073-5FFA4BA4A0D2}.Debug|Any CPU.Build.0 = Debug|Any CPU
		{F59771D0-2B18-47F1-8073-5FFA4BA4A0D2}.Release|Any CPU.ActiveCfg = Release|Any CPU
		{F59771D0-2B18-47F1-8073-5FFA4BA4A0D2}.Release|Any CPU.Build.0 = Release|Any CPU
		{6287A04F-74AA-4AB5-BA1B-5FD7F07695C3}.Debug|Any CPU.ActiveCfg = Debug|Any CPU
		{6287A04F-74AA-4AB5-BA1B-5FD7F07695C3}.Debug|Any CPU.Build.0 = Debug|Any CPU
		{6287A04F-74AA-4AB5-BA1B-5FD7F07695C3}.Release|Any CPU.ActiveCfg = Release|Any CPU
		{6287A04F-74AA-4AB5-BA1B-5FD7F07695C3}.Release|Any CPU.Build.0 = Release|Any CPU
		{AA759F81-EFA0-402C-A68D-86D90F90709C}.Debug|Any CPU.ActiveCfg = Debug|Any CPU
		{AA759F81-EFA0-402C-A68D-86D90F90709C}.Debug|Any CPU.Build.0 = Debug|Any CPU
		{AA759F81-EFA0-402C-A68D-86D90F90709C}.Release|Any CPU.ActiveCfg = Release|Any CPU
		{AA759F81-EFA0-402C-A68D-86D90F90709C}.Release|Any CPU.Build.0 = Release|Any CPU
		{0CA44B6C-2FA2-4687-B953-2A7E283A1C05}.Debug|Any CPU.ActiveCfg = Debug|Any CPU
		{0CA44B6C-2FA2-4687-B953-2A7E283A1C05}.Debug|Any CPU.Build.0 = Debug|Any CPU
		{0CA44B6C-2FA2-4687-B953-2A7E283A1C05}.Release|Any CPU.ActiveCfg = Release|Any CPU
		{0CA44B6C-2FA2-4687-B953-2A7E283A1C05}.Release|Any CPU.Build.0 = Release|Any CPU
		{40253059-278F-4F7D-91E3-F5C1762A3925}.Debug|Any CPU.ActiveCfg = Debug|Any CPU
		{40253059-278F-4F7D-91E3-F5C1762A3925}.Debug|Any CPU.Build.0 = Debug|Any CPU
		{40253059-278F-4F7D-91E3-F5C1762A3925}.Release|Any CPU.ActiveCfg = Release|Any CPU
		{40253059-278F-4F7D-91E3-F5C1762A3925}.Release|Any CPU.Build.0 = Release|Any CPU
		{41F981EA-3EAB-4B1E-B408-D16BA435F7C1}.Debug|Any CPU.ActiveCfg = Debug|Any CPU
		{41F981EA-3EAB-4B1E-B408-D16BA435F7C1}.Debug|Any CPU.Build.0 = Debug|Any CPU
		{41F981EA-3EAB-4B1E-B408-D16BA435F7C1}.Release|Any CPU.ActiveCfg = Release|Any CPU
		{41F981EA-3EAB-4B1E-B408-D16BA435F7C1}.Release|Any CPU.Build.0 = Release|Any CPU
		{A18966C6-D42E-4B4D-A34D-4C356EA446E2}.Debug|Any CPU.ActiveCfg = Debug|Any CPU
		{A18966C6-D42E-4B4D-A34D-4C356EA446E2}.Debug|Any CPU.Build.0 = Debug|Any CPU
		{A18966C6-D42E-4B4D-A34D-4C356EA446E2}.Release|Any CPU.ActiveCfg = Release|Any CPU
		{A18966C6-D42E-4B4D-A34D-4C356EA446E2}.Release|Any CPU.Build.0 = Release|Any CPU
		{4F832247-0C8F-4436-BF76-5F1F74EE72FA}.Debug|Any CPU.ActiveCfg = Debug|Any CPU
		{4F832247-0C8F-4436-BF76-5F1F74EE72FA}.Debug|Any CPU.Build.0 = Debug|Any CPU
		{4F832247-0C8F-4436-BF76-5F1F74EE72FA}.Release|Any CPU.ActiveCfg = Release|Any CPU
		{4F832247-0C8F-4436-BF76-5F1F74EE72FA}.Release|Any CPU.Build.0 = Release|Any CPU
		{222306BB-A7DD-4BC7-9452-FBE947E1981F}.Debug|Any CPU.ActiveCfg = Debug|Any CPU
		{222306BB-A7DD-4BC7-9452-FBE947E1981F}.Debug|Any CPU.Build.0 = Debug|Any CPU
		{222306BB-A7DD-4BC7-9452-FBE947E1981F}.Release|Any CPU.ActiveCfg = Release|Any CPU
		{222306BB-A7DD-4BC7-9452-FBE947E1981F}.Release|Any CPU.Build.0 = Release|Any CPU
		{BCE952E8-3D8C-47CD-9C30-336E914813A7}.Debug|Any CPU.ActiveCfg = Debug|Any CPU
		{BCE952E8-3D8C-47CD-9C30-336E914813A7}.Debug|Any CPU.Build.0 = Debug|Any CPU
		{BCE952E8-3D8C-47CD-9C30-336E914813A7}.Release|Any CPU.ActiveCfg = Release|Any CPU
		{BCE952E8-3D8C-47CD-9C30-336E914813A7}.Release|Any CPU.Build.0 = Release|Any CPU
		{EA209756-4117-4D0E-984D-6A88BD2BE03B}.Debug|Any CPU.ActiveCfg = Debug|Any CPU
		{EA209756-4117-4D0E-984D-6A88BD2BE03B}.Debug|Any CPU.Build.0 = Debug|Any CPU
		{EA209756-4117-4D0E-984D-6A88BD2BE03B}.Release|Any CPU.ActiveCfg = Release|Any CPU
		{EA209756-4117-4D0E-984D-6A88BD2BE03B}.Release|Any CPU.Build.0 = Release|Any CPU
	EndGlobalSection
	GlobalSection(SolutionProperties) = preSolution
		HideSolutionNode = FALSE
	EndGlobalSection
	GlobalSection(NestedProjects) = preSolution
		{8F7B2722-0DB0-4205-90CE-5E196C49F038} = {843C1BC0-9404-4E24-9772-71F0E7209F38}
		{05F5CBF7-DF9F-4072-854D-39CA5D258063} = {843C1BC0-9404-4E24-9772-71F0E7209F38}
		{E1AA337A-B744-4AE1-A50D-FD9B7E7F52F0} = {843C1BC0-9404-4E24-9772-71F0E7209F38}
		{80F6A45A-3974-4294-BAA9-8E2A9509ACB3} = {843C1BC0-9404-4E24-9772-71F0E7209F38}
		{DDDC9341-98E0-4060-B809-5FC8A9123FDC} = {843C1BC0-9404-4E24-9772-71F0E7209F38}
		{BF8642D2-0D87-42C1-9161-B8366083E08C} = {8F7B2722-0DB0-4205-90CE-5E196C49F038}
		{E8774D8A-487F-4F75-8210-37ADC7CF05C6} = {8F7B2722-0DB0-4205-90CE-5E196C49F038}
		{7872DC24-9DDB-451E-BD5F-65B5DE530D0F} = {8F7B2722-0DB0-4205-90CE-5E196C49F038}
		{FB7D433A-B4A6-4AD1-8E15-D122C28EC0FF} = {8F7B2722-0DB0-4205-90CE-5E196C49F038}
		{E8312A7C-E655-49F5-B7F3-145CFB51D87C} = {8F7B2722-0DB0-4205-90CE-5E196C49F038}
		{55FBE568-46F8-47A7-A0D3-28AF0AB0888D} = {8F7B2722-0DB0-4205-90CE-5E196C49F038}
		{4B9D36BD-2BD9-4A48-9441-52632B9CCE43} = {8F7B2722-0DB0-4205-90CE-5E196C49F038}
		{4FD7305B-CFD9-4ACF-9039-F560B19E4A1F} = {05F5CBF7-DF9F-4072-854D-39CA5D258063}
		{EE448C84-C434-4673-B22A-DD596C80B1CD} = {05F5CBF7-DF9F-4072-854D-39CA5D258063}
		{C5D35B97-266D-47A5-B5B0-B3A55EB0E791} = {05F5CBF7-DF9F-4072-854D-39CA5D258063}
		{4F349E57-7178-46E5-AE22-890149ED287A} = {05F5CBF7-DF9F-4072-854D-39CA5D258063}
		{9DE17F32-37F3-41E4-B3E3-2D029F9E13EF} = {05F5CBF7-DF9F-4072-854D-39CA5D258063}
		{69B57F0A-A79F-43F4-A054-9A8E4BA893DF} = {05F5CBF7-DF9F-4072-854D-39CA5D258063}
		{550A87AE-59BA-4BD9-8575-D8360A030605} = {05F5CBF7-DF9F-4072-854D-39CA5D258063}
		{F59771D0-2B18-47F1-8073-5FFA4BA4A0D2} = {FB7D433A-B4A6-4AD1-8E15-D122C28EC0FF}
		{6287A04F-74AA-4AB5-BA1B-5FD7F07695C3} = {7872DC24-9DDB-451E-BD5F-65B5DE530D0F}
		{AA759F81-EFA0-402C-A68D-86D90F90709C} = {E8774D8A-487F-4F75-8210-37ADC7CF05C6}
		{0CA44B6C-2FA2-4687-B953-2A7E283A1C05} = {E8774D8A-487F-4F75-8210-37ADC7CF05C6}
		{40253059-278F-4F7D-91E3-F5C1762A3925} = {983F7787-475D-4936-86B4-763B4E6FEBF5}
		{41F981EA-3EAB-4B1E-B408-D16BA435F7C1} = {DDDC9341-98E0-4060-B809-5FC8A9123FDC}
		{A18966C6-D42E-4B4D-A34D-4C356EA446E2} = {DDDC9341-98E0-4060-B809-5FC8A9123FDC}
		{4F832247-0C8F-4436-BF76-5F1F74EE72FA} = {DDDC9341-98E0-4060-B809-5FC8A9123FDC}
		{222306BB-A7DD-4BC7-9452-FBE947E1981F} = {BF8642D2-0D87-42C1-9161-B8366083E08C}
		{01DC13AF-581E-4A0B-8A83-5EFE251B7D37} = {16107860-5D27-4FA3-A1E4-091FE0CED2D5}
		{B5807F1C-1656-42AC-AF0A-7B1B2E0768CE} = {16107860-5D27-4FA3-A1E4-091FE0CED2D5}
		{BCE952E8-3D8C-47CD-9C30-336E914813A7} = {01DC13AF-581E-4A0B-8A83-5EFE251B7D37}
	EndGlobalSection
	GlobalSection(ExtensibilityGlobals) = postSolution
		SolutionGuid = {1FDA908F-A23E-4B4C-B940-55BF31EABD57}
	EndGlobalSection
EndGlobal
